
Microsoft Visual Studio Solution File, Format Version 12.00
# Visual Studio Version 17
VisualStudioVersion = 17.13.35919.96
MinimumVisualStudioVersion = 10.0.40219.1
Project("{FAE04EC0-301F-11D3-BF4B-00C04F79EFBC}") = "RegistroScolastico", "RegistroScolastico\RegistroScolastico.csproj", "{BA7EE0F0-3782-4E34-BBE0-6B429545F69D}"
EndProject
Global
	GlobalSection(SolutionConfigurationPlatforms) = preSolution
		Debug|Any CPU = Debug|Any CPU
		Release|Any CPU = Release|Any CPU
	EndGlobalSection
	GlobalSection(ProjectConfigurationPlatforms) = postSolution
		{BA7EE0F0-3782-4E34-BBE0-6B429545F69D}.Debug|Any CPU.ActiveCfg = Debug|Any CPU
		{BA7EE0F0-3782-4E34-BBE0-6B429545F69D}.Debug|Any CPU.Build.0 = Debug|Any CPU
		{BA7EE0F0-3782-4E34-BBE0-6B429545F69D}.Release|Any CPU.ActiveCfg = Release|Any CPU
		{BA7EE0F0-3782-4E34-BBE0-6B429545F69D}.Release|Any CPU.Build.0 = Release|Any CPU
	EndGlobalSection
	GlobalSection(SolutionProperties) = preSolution
		HideSolutionNode = FALSE
	EndGlobalSection
	GlobalSection(ExtensibilityGlobals) = postSolution
		SolutionGuid = {A85CDA4A-B133-4DA9-9E59-27CC45D11656}
	EndGlobalSection
EndGlobal
